
Microsoft Visual Studio Solution File, Format Version 12.00
# Visual Studio Version 17
VisualStudioVersion = 17.3.32929.385
MinimumVisualStudioVersion = 10.0.40219.1
Project("{FAE04EC0-301F-11D3-BF4B-00C04F79EFBC}") = "SDC1-KC2", "SDC1-KC2\SDC1-KC2.csproj", "{5ED9AD92-8B95-445F-A7DE-2D6BF54AD796}"
EndProject
Global
	GlobalSection(SolutionConfigurationPlatforms) = preSolution
		Debug|Any CPU = Debug|Any CPU
		Release|Any CPU = Release|Any CPU
	EndGlobalSection
	GlobalSection(ProjectConfigurationPlatforms) = postSolution
		{5ED9AD92-8B95-445F-A7DE-2D6BF54AD796}.Debug|Any CPU.ActiveCfg = Debug|Any CPU
		{5ED9AD92-8B95-445F-A7DE-2D6BF54AD796}.Debug|Any CPU.Build.0 = Debug|Any CPU
		{5ED9AD92-8B95-445F-A7DE-2D6BF54AD796}.Release|Any CPU.ActiveCfg = Release|Any CPU
		{5ED9AD92-8B95-445F-A7DE-2D6BF54AD796}.Release|Any CPU.Build.0 = Release|Any CPU
	EndGlobalSection
	GlobalSection(SolutionProperties) = preSolution
		HideSolutionNode = FALSE
	EndGlobalSection
	GlobalSection(ExtensibilityGlobals) = postSolution
		SolutionGuid = {BE5879B9-DF2D-4E91-8324-4E5B5E012436}
	EndGlobalSection
EndGlobal
